
Microsoft Visual Studio Solution File, Format Version 12.00
# Visual Studio 2012
Project("{FAE04EC0-301F-11D3-BF4B-00C04F79EFBC}") = "TestExcel", "TestExcel\TestExcel.csproj", "{A439E223-F869-44A0-B08A-F7A222F220B5}"
EndProject
Project("{FAE04EC0-301F-11D3-BF4B-00C04F79EFBC}") = "TestExcelWeb", "TestExcelWeb\TestExcelWeb.csproj", "{C99E7B80-FBAF-4715-9B9B-A122A8002363}"
EndProject
Global
	GlobalSection(SolutionConfigurationPlatforms) = preSolution
		Debug|Any CPU = Debug|Any CPU
		Release|Any CPU = Release|Any CPU
	EndGlobalSection
	GlobalSection(ProjectConfigurationPlatforms) = postSolution
		{A439E223-F869-44A0-B08A-F7A222F220B5}.Debug|Any CPU.ActiveCfg = Debug|Any CPU
		{A439E223-F869-44A0-B08A-F7A222F220B5}.Debug|Any CPU.Build.0 = Debug|Any CPU
		{A439E223-F869-44A0-B08A-F7A222F220B5}.Debug|Any CPU.Deploy.0 = Debug|Any CPU
		{A439E223-F869-44A0-B08A-F7A222F220B5}.Release|Any CPU.ActiveCfg = Release|Any CPU
		{A439E223-F869-44A0-B08A-F7A222F220B5}.Release|Any CPU.Build.0 = Release|Any CPU
		{A439E223-F869-44A0-B08A-F7A222F220B5}.Release|Any CPU.Deploy.0 = Release|Any CPU
		{C99E7B80-FBAF-4715-9B9B-A122A8002363}.Debug|Any CPU.ActiveCfg = Debug|Any CPU
		{C99E7B80-FBAF-4715-9B9B-A122A8002363}.Debug|Any CPU.Build.0 = Debug|Any CPU
		{C99E7B80-FBAF-4715-9B9B-A122A8002363}.Release|Any CPU.ActiveCfg = Release|Any CPU
		{C99E7B80-FBAF-4715-9B9B-A122A8002363}.Release|Any CPU.Build.0 = Release|Any CPU
	EndGlobalSection
	GlobalSection(SolutionProperties) = preSolution
		HideSolutionNode = FALSE
	EndGlobalSection
EndGlobal
